
Microsoft Visual Studio Solution File, Format Version 12.00
# Visual Studio Version 16
VisualStudioVersion = 16.0.29709.97
MinimumVisualStudioVersion = 10.0.40219.1
Project("{9A19103F-16F7-4668-BE54-9A1E7A4F7556}") = "Data-Access-EF-Core", "Data-Access-EF-Core\Data-Access-EF-Core.csproj", "{771F2CD2-19F4-4071-8CE3-B4A8958CB736}"
EndProject
Project("{9A19103F-16F7-4668-BE54-9A1E7A4F7556}") = "Model.DotNetCore", "..\Model-DotNet-Core\Model.DotNetCore\Model.DotNetCore.csproj", "{004E0EB2-4811-4726-849C-FE04F88EC086}"
EndProject
Global
	GlobalSection(SolutionConfigurationPlatforms) = preSolution
		Debug|Any CPU = Debug|Any CPU
		Release|Any CPU = Release|Any CPU
	EndGlobalSection
	GlobalSection(ProjectConfigurationPlatforms) = postSolution
		{771F2CD2-19F4-4071-8CE3-B4A8958CB736}.Debug|Any CPU.ActiveCfg = Debug|Any CPU
		{771F2CD2-19F4-4071-8CE3-B4A8958CB736}.Debug|Any CPU.Build.0 = Debug|Any CPU
		{771F2CD2-19F4-4071-8CE3-B4A8958CB736}.Release|Any CPU.ActiveCfg = Release|Any CPU
		{771F2CD2-19F4-4071-8CE3-B4A8958CB736}.Release|Any CPU.Build.0 = Release|Any CPU
		{004E0EB2-4811-4726-849C-FE04F88EC086}.Debug|Any CPU.ActiveCfg = Debug|Any CPU
		{004E0EB2-4811-4726-849C-FE04F88EC086}.Debug|Any CPU.Build.0 = Debug|Any CPU
		{004E0EB2-4811-4726-849C-FE04F88EC086}.Release|Any CPU.ActiveCfg = Release|Any CPU
		{004E0EB2-4811-4726-849C-FE04F88EC086}.Release|Any CPU.Build.0 = Release|Any CPU
	EndGlobalSection
	GlobalSection(SolutionProperties) = preSolution
		HideSolutionNode = FALSE
	EndGlobalSection
	GlobalSection(ExtensibilityGlobals) = postSolution
		SolutionGuid = {8E834A5C-6E3F-4A49-ABB9-797E1E9A7711}
	EndGlobalSection
EndGlobal
